
Microsoft Visual Studio Solution File, Format Version 12.00
# Visual Studio Version 16
VisualStudioVersion = 16.0.30114.105
MinimumVisualStudioVersion = 10.0.40219.1
Project("{FAE04EC0-301F-11D3-BF4B-00C04F79EFBC}") = "UsuarioContrasenia", "UsuarioContrasenia\UsuarioContrasenia.csproj", "{2F0F2E5A-BC5C-4159-A4CC-6F100236DC31}"
EndProject
Global
	GlobalSection(SolutionConfigurationPlatforms) = preSolution
		Debug|Any CPU = Debug|Any CPU
		Release|Any CPU = Release|Any CPU
	EndGlobalSection
	GlobalSection(ProjectConfigurationPlatforms) = postSolution
		{2F0F2E5A-BC5C-4159-A4CC-6F100236DC31}.Debug|Any CPU.ActiveCfg = Debug|Any CPU
		{2F0F2E5A-BC5C-4159-A4CC-6F100236DC31}.Debug|Any CPU.Build.0 = Debug|Any CPU
		{2F0F2E5A-BC5C-4159-A4CC-6F100236DC31}.Release|Any CPU.ActiveCfg = Release|Any CPU
		{2F0F2E5A-BC5C-4159-A4CC-6F100236DC31}.Release|Any CPU.Build.0 = Release|Any CPU
	EndGlobalSection
	GlobalSection(SolutionProperties) = preSolution
		HideSolutionNode = FALSE
	EndGlobalSection
	GlobalSection(ExtensibilityGlobals) = postSolution
		SolutionGuid = {31D27487-62A2-4CBB-A8E7-767840E2C856}
	EndGlobalSection
EndGlobal
